
Microsoft Visual Studio Solution File, Format Version 12.00
# Visual Studio Version 17
VisualStudioVersion = 17.0.31903.59
MinimumVisualStudioVersion = 10.0.40219.1
Project("{2150E333-8FDC-42A3-9474-1A3956D46DE8}") = "Portal", "Portal", "{D8DAABC6-BB90-45E8-A349-6733BF26311C}"
EndProject
Project("{FAE04EC0-301F-11D3-BF4B-00C04F79EFBC}") = "DKS.Migration.Portal", "Portal\DKS.Migration.Portal\DKS.Migration.Portal.csproj", "{95F8C8C5-6DEC-4DBC-A86F-3AAB9FC9A64E}"
EndProject
Project("{2150E333-8FDC-42A3-9474-1A3956D46DE8}") = "Agent", "Agent", "{9FCE2744-D49A-42B2-80AE-0C13039C6FC0}"
EndProject
Project("{FAE04EC0-301F-11D3-BF4B-00C04F79EFBC}") = "DKS.Migration.Agent", "Agent\DKS.Migration.Agent\DKS.Migration.Agent.csproj", "{2DD564B2-A2D7-494A-90A0-2B305A4010AD}"
EndProject
Global
	GlobalSection(SolutionConfigurationPlatforms) = preSolution
		Debug|Any CPU = Debug|Any CPU
		Release|Any CPU = Release|Any CPU
	EndGlobalSection
	GlobalSection(SolutionProperties) = preSolution
		HideSolutionNode = FALSE
	EndGlobalSection
	GlobalSection(ProjectConfigurationPlatforms) = postSolution
		{95F8C8C5-6DEC-4DBC-A86F-3AAB9FC9A64E}.Debug|Any CPU.ActiveCfg = Debug|Any CPU
		{95F8C8C5-6DEC-4DBC-A86F-3AAB9FC9A64E}.Debug|Any CPU.Build.0 = Debug|Any CPU
		{95F8C8C5-6DEC-4DBC-A86F-3AAB9FC9A64E}.Release|Any CPU.ActiveCfg = Release|Any CPU
		{95F8C8C5-6DEC-4DBC-A86F-3AAB9FC9A64E}.Release|Any CPU.Build.0 = Release|Any CPU
		{2DD564B2-A2D7-494A-90A0-2B305A4010AD}.Debug|Any CPU.ActiveCfg = Debug|Any CPU
		{2DD564B2-A2D7-494A-90A0-2B305A4010AD}.Debug|Any CPU.Build.0 = Debug|Any CPU
		{2DD564B2-A2D7-494A-90A0-2B305A4010AD}.Release|Any CPU.ActiveCfg = Release|Any CPU
		{2DD564B2-A2D7-494A-90A0-2B305A4010AD}.Release|Any CPU.Build.0 = Release|Any CPU
	EndGlobalSection
	GlobalSection(NestedProjects) = preSolution
		{95F8C8C5-6DEC-4DBC-A86F-3AAB9FC9A64E} = {D8DAABC6-BB90-45E8-A349-6733BF26311C}
		{2DD564B2-A2D7-494A-90A0-2B305A4010AD} = {9FCE2744-D49A-42B2-80AE-0C13039C6FC0}
	EndGlobalSection
EndGlobal
