
Microsoft Visual Studio Solution File, Format Version 12.00
# Visual Studio Version 17
VisualStudioVersion = 17.0.31903.59
MinimumVisualStudioVersion = 10.0.40219.1
Project("{2150E333-8FDC-42A3-9474-1A3956D46DE8}") = "src", "src", "{827E0CD3-B72D-47B6-A68D-7590B98EB39B}"
EndProject
Project("{FAE04EC0-301F-11D3-BF4B-00C04F79EFBC}") = "PstMigration.Agent", "src\PstMigration.Agent\PstMigration.Agent.csproj", "{FDF6B584-EF63-4871-9C6F-401C4E3E5194}"
EndProject
Project("{FAE04EC0-301F-11D3-BF4B-00C04F79EFBC}") = "PstMigration.Api", "src\PstMigration.Api\PstMigration.Api.csproj", "{E4924814-B374-4F0E-BA96-068304795132}"
EndProject
Project("{FAE04EC0-301F-11D3-BF4B-00C04F79EFBC}") = "PstMigration.Application", "src\PstMigration.Application\PstMigration.Application.csproj", "{CB950F23-80EB-4C20-B86C-04C546B93628}"
EndProject
Project("{FAE04EC0-301F-11D3-BF4B-00C04F79EFBC}") = "PstMigration.Contracts", "src\PstMigration.Contracts\PstMigration.Contracts.csproj", "{F70B1B14-D8A6-446E-8472-A7790398B241}"
EndProject
Project("{FAE04EC0-301F-11D3-BF4B-00C04F79EFBC}") = "PstMigration.Domain", "src\PstMigration.Domain\PstMigration.Domain.csproj", "{891C769B-D4A0-41D2-A5D3-8074EA5E3F2D}"
EndProject
Project("{FAE04EC0-301F-11D3-BF4B-00C04F79EFBC}") = "PstMigration.Graph", "src\PstMigration.Graph\PstMigration.Graph.csproj", "{76CE111D-C233-4681-9372-93DEE6CA1E9E}"
EndProject
Project("{FAE04EC0-301F-11D3-BF4B-00C04F79EFBC}") = "PstMigration.Infrastructure", "src\PstMigration.Infrastructure\PstMigration.Infrastructure.csproj", "{FFCF1BAA-9167-47E9-ABB0-EDC9EF4A2FF0}"
EndProject
Project("{FAE04EC0-301F-11D3-BF4B-00C04F79EFBC}") = "PstMigration.Portal", "src\PstMigration.Portal\PstMigration.Portal.csproj", "{ED24DFB0-5040-4C4D-A40F-806280026606}"
EndProject
Project("{FAE04EC0-301F-11D3-BF4B-00C04F79EFBC}") = "PstMigration.PstParser", "src\PstMigration.PstParser\PstMigration.PstParser.csproj", "{7593F3B5-4CF6-45EB-9464-8E88A26BE75A}"
EndProject
Project("{FAE04EC0-301F-11D3-BF4B-00C04F79EFBC}") = "PstMigration.Tests", "src\PstMigration.Tests\PstMigration.Tests.csproj", "{4C49E73D-D8F2-4765-B470-751A4885C6E2}"
EndProject
Global
	GlobalSection(SolutionConfigurationPlatforms) = preSolution
		Debug|Any CPU = Debug|Any CPU
		Debug|x64 = Debug|x64
		Debug|x86 = Debug|x86
		Release|Any CPU = Release|Any CPU
		Release|x64 = Release|x64
		Release|x86 = Release|x86
	EndGlobalSection
	GlobalSection(ProjectConfigurationPlatforms) = postSolution
		{FDF6B584-EF63-4871-9C6F-401C4E3E5194}.Debug|Any CPU.ActiveCfg = Debug|Any CPU
		{FDF6B584-EF63-4871-9C6F-401C4E3E5194}.Debug|Any CPU.Build.0 = Debug|Any CPU
		{FDF6B584-EF63-4871-9C6F-401C4E3E5194}.Debug|x64.ActiveCfg = Debug|Any CPU
		{FDF6B584-EF63-4871-9C6F-401C4E3E5194}.Debug|x64.Build.0 = Debug|Any CPU
		{FDF6B584-EF63-4871-9C6F-401C4E3E5194}.Debug|x86.ActiveCfg = Debug|Any CPU
		{FDF6B584-EF63-4871-9C6F-401C4E3E5194}.Debug|x86.Build.0 = Debug|Any CPU
		{FDF6B584-EF63-4871-9C6F-401C4E3E5194}.Release|Any CPU.ActiveCfg = Release|Any CPU
		{FDF6B584-EF63-4871-9C6F-401C4E3E5194}.Release|Any CPU.Build.0 = Release|Any CPU
		{FDF6B584-EF63-4871-9C6F-401C4E3E5194}.Release|x64.ActiveCfg = Release|Any CPU
		{FDF6B584-EF63-4871-9C6F-401C4E3E5194}.Release|x64.Build.0 = Release|Any CPU
		{FDF6B584-EF63-4871-9C6F-401C4E3E5194}.Release|x86.ActiveCfg = Release|Any CPU
		{FDF6B584-EF63-4871-9C6F-401C4E3E5194}.Release|x86.Build.0 = Release|Any CPU
		{E4924814-B374-4F0E-BA96-068304795132}.Debug|Any CPU.ActiveCfg = Debug|Any CPU
		{E4924814-B374-4F0E-BA96-068304795132}.Debug|Any CPU.Build.0 = Debug|Any CPU
		{E4924814-B374-4F0E-BA96-068304795132}.Debug|x64.ActiveCfg = Debug|Any CPU
		{E4924814-B374-4F0E-BA96-068304795132}.Debug|x64.Build.0 = Debug|Any CPU
		{E4924814-B374-4F0E-BA96-068304795132}.Debug|x86.ActiveCfg = Debug|Any CPU
		{E4924814-B374-4F0E-BA96-068304795132}.Debug|x86.Build.0 = Debug|Any CPU
		{E4924814-B374-4F0E-BA96-068304795132}.Release|Any CPU.ActiveCfg = Release|Any CPU
		{E4924814-B374-4F0E-BA96-068304795132}.Release|Any CPU.Build.0 = Release|Any CPU
		{E4924814-B374-4F0E-BA96-068304795132}.Release|x64.ActiveCfg = Release|Any CPU
		{E4924814-B374-4F0E-BA96-068304795132}.Release|x64.Build.0 = Release|Any CPU
		{E4924814-B374-4F0E-BA96-068304795132}.Release|x86.ActiveCfg = Release|Any CPU
		{E4924814-B374-4F0E-BA96-068304795132}.Release|x86.Build.0 = Release|Any CPU
		{CB950F23-80EB-4C20-B86C-04C546B93628}.Debug|Any CPU.ActiveCfg = Debug|Any CPU
		{CB950F23-80EB-4C20-B86C-04C546B93628}.Debug|Any CPU.Build.0 = Debug|Any CPU
		{CB950F23-80EB-4C20-B86C-04C546B93628}.Debug|x64.ActiveCfg = Debug|Any CPU
		{CB950F23-80EB-4C20-B86C-04C546B93628}.Debug|x64.Build.0 = Debug|Any CPU
		{CB950F23-80EB-4C20-B86C-04C546B93628}.Debug|x86.ActiveCfg = Debug|Any CPU
		{CB950F23-80EB-4C20-B86C-04C546B93628}.Debug|x86.Build.0 = Debug|Any CPU
		{CB950F23-80EB-4C20-B86C-04C546B93628}.Release|Any CPU.ActiveCfg = Release|Any CPU
		{CB950F23-80EB-4C20-B86C-04C546B93628}.Release|Any CPU.Build.0 = Release|Any CPU
		{CB950F23-80EB-4C20-B86C-04C546B93628}.Release|x64.ActiveCfg = Release|Any CPU
		{CB950F23-80EB-4C20-B86C-04C546B93628}.Release|x64.Build.0 = Release|Any CPU
		{CB950F23-80EB-4C20-B86C-04C546B93628}.Release|x86.ActiveCfg = Release|Any CPU
		{CB950F23-80EB-4C20-B86C-04C546B93628}.Release|x86.Build.0 = Release|Any CPU
		{F70B1B14-D8A6-446E-8472-A7790398B241}.Debug|Any CPU.ActiveCfg = Debug|Any CPU
		{F70B1B14-D8A6-446E-8472-A7790398B241}.Debug|Any CPU.Build.0 = Debug|Any CPU
		{F70B1B14-D8A6-446E-8472-A7790398B241}.Debug|x64.ActiveCfg = Debug|Any CPU
		{F70B1B14-D8A6-446E-8472-A7790398B241}.Debug|x64.Build.0 = Debug|Any CPU
		{F70B1B14-D8A6-446E-8472-A7790398B241}.Debug|x86.ActiveCfg = Debug|Any CPU
		{F70B1B14-D8A6-446E-8472-A7790398B241}.Debug|x86.Build.0 = Debug|Any CPU
		{F70B1B14-D8A6-446E-8472-A7790398B241}.Release|Any CPU.ActiveCfg = Release|Any CPU
		{F70B1B14-D8A6-446E-8472-A7790398B241}.Release|Any CPU.Build.0 = Release|Any CPU
		{F70B1B14-D8A6-446E-8472-A7790398B241}.Release|x64.ActiveCfg = Release|Any CPU
		{F70B1B14-D8A6-446E-8472-A7790398B241}.Release|x64.Build.0 = Release|Any CPU
		{F70B1B14-D8A6-446E-8472-A7790398B241}.Release|x86.ActiveCfg = Release|Any CPU
		{F70B1B14-D8A6-446E-8472-A7790398B241}.Release|x86.Build.0 = Release|Any CPU
		{891C769B-D4A0-41D2-A5D3-8074EA5E3F2D}.Debug|Any CPU.ActiveCfg = Debug|Any CPU
		{891C769B-D4A0-41D2-A5D3-8074EA5E3F2D}.Debug|Any CPU.Build.0 = Debug|Any CPU
		{891C769B-D4A0-41D2-A5D3-8074EA5E3F2D}.Debug|x64.ActiveCfg = Debug|Any CPU
		{891C769B-D4A0-41D2-A5D3-8074EA5E3F2D}.Debug|x64.Build.0 = Debug|Any CPU
		{891C769B-D4A0-41D2-A5D3-8074EA5E3F2D}.Debug|x86.ActiveCfg = Debug|Any CPU
		{891C769B-D4A0-41D2-A5D3-8074EA5E3F2D}.Debug|x86.Build.0 = Debug|Any CPU
		{891C769B-D4A0-41D2-A5D3-8074EA5E3F2D}.Release|Any CPU.ActiveCfg = Release|Any CPU
		{891C769B-D4A0-41D2-A5D3-8074EA5E3F2D}.Release|Any CPU.Build.0 = Release|Any CPU
		{891C769B-D4A0-41D2-A5D3-8074EA5E3F2D}.Release|x64.ActiveCfg = Release|Any CPU
		{891C769B-D4A0-41D2-A5D3-8074EA5E3F2D}.Release|x64.Build.0 = Release|Any CPU
		{891C769B-D4A0-41D2-A5D3-8074EA5E3F2D}.Release|x86.ActiveCfg = Release|Any CPU
		{891C769B-D4A0-41D2-A5D3-8074EA5E3F2D}.Release|x86.Build.0 = Release|Any CPU
		{76CE111D-C233-4681-9372-93DEE6CA1E9E}.Debug|Any CPU.ActiveCfg = Debug|Any CPU
		{76CE111D-C233-4681-9372-93DEE6CA1E9E}.Debug|Any CPU.Build.0 = Debug|Any CPU
		{76CE111D-C233-4681-9372-93DEE6CA1E9E}.Debug|x64.ActiveCfg = Debug|Any CPU
		{76CE111D-C233-4681-9372-93DEE6CA1E9E}.Debug|x64.Build.0 = Debug|Any CPU
		{76CE111D-C233-4681-9372-93DEE6CA1E9E}.Debug|x86.ActiveCfg = Debug|Any CPU
		{76CE111D-C233-4681-9372-93DEE6CA1E9E}.Debug|x86.Build.0 = Debug|Any CPU
		{76CE111D-C233-4681-9372-93DEE6CA1E9E}.Release|Any CPU.ActiveCfg = Release|Any CPU
		{76CE111D-C233-4681-9372-93DEE6CA1E9E}.Release|Any CPU.Build.0 = Release|Any CPU
		{76CE111D-C233-4681-9372-93DEE6CA1E9E}.Release|x64.ActiveCfg = Release|Any CPU
		{76CE111D-C233-4681-9372-93DEE6CA1E9E}.Release|x64.Build.0 = Release|Any CPU
		{76CE111D-C233-4681-9372-93DEE6CA1E9E}.Release|x86.ActiveCfg = Release|Any CPU
		{76CE111D-C233-4681-9372-93DEE6CA1E9E}.Release|x86.Build.0 = Release|Any CPU
		{FFCF1BAA-9167-47E9-ABB0-EDC9EF4A2FF0}.Debug|Any CPU.ActiveCfg = Debug|Any CPU
		{FFCF1BAA-9167-47E9-ABB0-EDC9EF4A2FF0}.Debug|Any CPU.Build.0 = Debug|Any CPU
		{FFCF1BAA-9167-47E9-ABB0-EDC9EF4A2FF0}.Debug|x64.ActiveCfg = Debug|Any CPU
		{FFCF1BAA-9167-47E9-ABB0-EDC9EF4A2FF0}.Debug|x64.Build.0 = Debug|Any CPU
		{FFCF1BAA-9167-47E9-ABB0-EDC9EF4A2FF0}.Debug|x86.ActiveCfg = Debug|Any CPU
		{FFCF1BAA-9167-47E9-ABB0-EDC9EF4A2FF0}.Debug|x86.Build.0 = Debug|Any CPU
		{FFCF1BAA-9167-47E9-ABB0-EDC9EF4A2FF0}.Release|Any CPU.ActiveCfg = Release|Any CPU
		{FFCF1BAA-9167-47E9-ABB0-EDC9EF4A2FF0}.Release|Any CPU.Build.0 = Release|Any CPU
		{FFCF1BAA-9167-47E9-ABB0-EDC9EF4A2FF0}.Release|x64.ActiveCfg = Release|Any CPU
		{FFCF1BAA-9167-47E9-ABB0-EDC9EF4A2FF0}.Release|x64.Build.0 = Release|Any CPU
		{FFCF1BAA-9167-47E9-ABB0-EDC9EF4A2FF0}.Release|x86.ActiveCfg = Release|Any CPU
		{FFCF1BAA-9167-47E9-ABB0-EDC9EF4A2FF0}.Release|x86.Build.0 = Release|Any CPU
		{ED24DFB0-5040-4C4D-A40F-806280026606}.Debug|Any CPU.ActiveCfg = Debug|Any CPU
		{ED24DFB0-5040-4C4D-A40F-806280026606}.Debug|Any CPU.Build.0 = Debug|Any CPU
		{ED24DFB0-5040-4C4D-A40F-806280026606}.Debug|x64.ActiveCfg = Debug|Any CPU
		{ED24DFB0-5040-4C4D-A40F-806280026606}.Debug|x64.Build.0 = Debug|Any CPU
		{ED24DFB0-5040-4C4D-A40F-806280026606}.Debug|x86.ActiveCfg = Debug|Any CPU
		{ED24DFB0-5040-4C4D-A40F-806280026606}.Debug|x86.Build.0 = Debug|Any CPU
		{ED24DFB0-5040-4C4D-A40F-806280026606}.Release|Any CPU.ActiveCfg = Release|Any CPU
		{ED24DFB0-5040-4C4D-A40F-806280026606}.Release|Any CPU.Build.0 = Release|Any CPU
		{ED24DFB0-5040-4C4D-A40F-806280026606}.Release|x64.ActiveCfg = Release|Any CPU
		{ED24DFB0-5040-4C4D-A40F-806280026606}.Release|x64.Build.0 = Release|Any CPU
		{ED24DFB0-5040-4C4D-A40F-806280026606}.Release|x86.ActiveCfg = Release|Any CPU
		{ED24DFB0-5040-4C4D-A40F-806280026606}.Release|x86.Build.0 = Release|Any CPU
		{7593F3B5-4CF6-45EB-9464-8E88A26BE75A}.Debug|Any CPU.ActiveCfg = Debug|Any CPU
		{7593F3B5-4CF6-45EB-9464-8E88A26BE75A}.Debug|Any CPU.Build.0 = Debug|Any CPU
		{7593F3B5-4CF6-45EB-9464-8E88A26BE75A}.Debug|x64.ActiveCfg = Debug|Any CPU
		{7593F3B5-4CF6-45EB-9464-8E88A26BE75A}.Debug|x64.Build.0 = Debug|Any CPU
		{7593F3B5-4CF6-45EB-9464-8E88A26BE75A}.Debug|x86.ActiveCfg = Debug|Any CPU
		{7593F3B5-4CF6-45EB-9464-8E88A26BE75A}.Debug|x86.Build.0 = Debug|Any CPU
		{7593F3B5-4CF6-45EB-9464-8E88A26BE75A}.Release|Any CPU.ActiveCfg = Release|Any CPU
		{7593F3B5-4CF6-45EB-9464-8E88A26BE75A}.Release|Any CPU.Build.0 = Release|Any CPU
		{7593F3B5-4CF6-45EB-9464-8E88A26BE75A}.Release|x64.ActiveCfg = Release|Any CPU
		{7593F3B5-4CF6-45EB-9464-8E88A26BE75A}.Release|x64.Build.0 = Release|Any CPU
		{7593F3B5-4CF6-45EB-9464-8E88A26BE75A}.Release|x86.ActiveCfg = Release|Any CPU
		{7593F3B5-4CF6-45EB-9464-8E88A26BE75A}.Release|x86.Build.0 = Release|Any CPU
		{4C49E73D-D8F2-4765-B470-751A4885C6E2}.Debug|Any CPU.ActiveCfg = Debug|Any CPU
		{4C49E73D-D8F2-4765-B470-751A4885C6E2}.Debug|Any CPU.Build.0 = Debug|Any CPU
		{4C49E73D-D8F2-4765-B470-751A4885C6E2}.Debug|x64.ActiveCfg = Debug|Any CPU
		{4C49E73D-D8F2-4765-B470-751A4885C6E2}.Debug|x64.Build.0 = Debug|Any CPU
		{4C49E73D-D8F2-4765-B470-751A4885C6E2}.Debug|x86.ActiveCfg = Debug|Any CPU
		{4C49E73D-D8F2-4765-B470-751A4885C6E2}.Debug|x86.Build.0 = Debug|Any CPU
		{4C49E73D-D8F2-4765-B470-751A4885C6E2}.Release|Any CPU.ActiveCfg = Release|Any CPU
		{4C49E73D-D8F2-4765-B470-751A4885C6E2}.Release|Any CPU.Build.0 = Release|Any CPU
		{4C49E73D-D8F2-4765-B470-751A4885C6E2}.Release|x64.ActiveCfg = Release|Any CPU
		{4C49E73D-D8F2-4765-B470-751A4885C6E2}.Release|x64.Build.0 = Release|Any CPU
		{4C49E73D-D8F2-4765-B470-751A4885C6E2}.Release|x86.ActiveCfg = Release|Any CPU
		{4C49E73D-D8F2-4765-B470-751A4885C6E2}.Release|x86.Build.0 = Release|Any CPU
	EndGlobalSection
	GlobalSection(SolutionProperties) = preSolution
		HideSolutionNode = FALSE
	EndGlobalSection
	GlobalSection(NestedProjects) = preSolution
		{FDF6B584-EF63-4871-9C6F-401C4E3E5194} = {827E0CD3-B72D-47B6-A68D-7590B98EB39B}
		{E4924814-B374-4F0E-BA96-068304795132} = {827E0CD3-B72D-47B6-A68D-7590B98EB39B}
		{CB950F23-80EB-4C20-B86C-04C546B93628} = {827E0CD3-B72D-47B6-A68D-7590B98EB39B}
		{F70B1B14-D8A6-446E-8472-A7790398B241} = {827E0CD3-B72D-47B6-A68D-7590B98EB39B}
		{891C769B-D4A0-41D2-A5D3-8074EA5E3F2D} = {827E0CD3-B72D-47B6-A68D-7590B98EB39B}
		{76CE111D-C233-4681-9372-93DEE6CA1E9E} = {827E0CD3-B72D-47B6-A68D-7590B98EB39B}
		{FFCF1BAA-9167-47E9-ABB0-EDC9EF4A2FF0} = {827E0CD3-B72D-47B6-A68D-7590B98EB39B}
		{ED24DFB0-5040-4C4D-A40F-806280026606} = {827E0CD3-B72D-47B6-A68D-7590B98EB39B}
		{7593F3B5-4CF6-45EB-9464-8E88A26BE75A} = {827E0CD3-B72D-47B6-A68D-7590B98EB39B}
		{4C49E73D-D8F2-4765-B470-751A4885C6E2} = {827E0CD3-B72D-47B6-A68D-7590B98EB39B}
	EndGlobalSection
EndGlobal
